
Microsoft Visual Studio Solution File, Format Version 12.00
# Visual Studio Version 16
VisualStudioVersion = 16.0.31624.102
MinimumVisualStudioVersion = 10.0.40219.1
Project("{8BC9CEB8-8B4A-11D0-8D11-00A0C91BC942}") = "XCNImageManagement", "XCNImageManagement.vcxproj", "{99F8E1BA-FDCE-4ADC-8228-DC5C66BA292D}"
	ProjectSection(ProjectDependencies) = postProject
		{92C5727F-2191-496E-8EDB-047B40B8FD15} = {92C5727F-2191-496E-8EDB-047B40B8FD15}
	EndProjectSection
EndProject
Project("{8BC9CEB8-8B4A-11D0-8D11-00A0C91BC942}") = "XDBOperatorHelper", "..\XDBOperatorHelper\XDBOperatorHelper.vcxproj", "{92C5727F-2191-496E-8EDB-047B40B8FD15}"
EndProject
Global
	GlobalSection(SolutionConfigurationPlatforms) = preSolution
		Debug|x64 = Debug|x64
		Debug|x86 = Debug|x86
		Release|x64 = Release|x64
		Release|x86 = Release|x86
	EndGlobalSection
	GlobalSection(ProjectConfigurationPlatforms) = postSolution
		{99F8E1BA-FDCE-4ADC-8228-DC5C66BA292D}.Debug|x64.ActiveCfg = Debug|x64
		{99F8E1BA-FDCE-4ADC-8228-DC5C66BA292D}.Debug|x64.Build.0 = Debug|x64
		{99F8E1BA-FDCE-4ADC-8228-DC5C66BA292D}.Debug|x86.ActiveCfg = Debug|Win32
		{99F8E1BA-FDCE-4ADC-8228-DC5C66BA292D}.Debug|x86.Build.0 = Debug|Win32
		{99F8E1BA-FDCE-4ADC-8228-DC5C66BA292D}.Release|x64.ActiveCfg = Release|x64
		{99F8E1BA-FDCE-4ADC-8228-DC5C66BA292D}.Release|x64.Build.0 = Release|x64
		{99F8E1BA-FDCE-4ADC-8228-DC5C66BA292D}.Release|x86.ActiveCfg = Release|Win32
		{99F8E1BA-FDCE-4ADC-8228-DC5C66BA292D}.Release|x86.Build.0 = Release|Win32
		{92C5727F-2191-496E-8EDB-047B40B8FD15}.Debug|x64.ActiveCfg = Debug|x64
		{92C5727F-2191-496E-8EDB-047B40B8FD15}.Debug|x64.Build.0 = Debug|x64
		{92C5727F-2191-496E-8EDB-047B40B8FD15}.Debug|x86.ActiveCfg = Debug|Win32
		{92C5727F-2191-496E-8EDB-047B40B8FD15}.Debug|x86.Build.0 = Debug|Win32
		{92C5727F-2191-496E-8EDB-047B40B8FD15}.Release|x64.ActiveCfg = Release|x64
		{92C5727F-2191-496E-8EDB-047B40B8FD15}.Release|x64.Build.0 = Release|x64
		{92C5727F-2191-496E-8EDB-047B40B8FD15}.Release|x86.ActiveCfg = Release|Win32
		{92C5727F-2191-496E-8EDB-047B40B8FD15}.Release|x86.Build.0 = Release|Win32
	EndGlobalSection
	GlobalSection(SolutionProperties) = preSolution
		HideSolutionNode = FALSE
	EndGlobalSection
	GlobalSection(ExtensibilityGlobals) = postSolution
		SolutionGuid = {6FBA431C-EF54-4253-A28D-C696398C2F46}
	EndGlobalSection
EndGlobal
